// !$*UTF8*$!
{
	archiveVersion = 1;
	classes = {
	};
	objectVersion = 50;
	objects = {

/* Begin PBXBuildFile section */
		BB5ABB44F6CD95ACDA465BE2 /* Pods_FireBaseInstagramClone.framework in Frameworks */ = {isa = PBXBuildFile; fileRef = B561278B092EEDEAC95FCE34 /* Pods_FireBaseInstagramClone.framework */; };
		EEA321BA2235481400AAFE9D /* feedCell.swift in Sources */ = {isa = PBXBuildFile; fileRef = EEA321B92235481400AAFE9D /* feedCell.swift */; };
		EEA894AD22345EFF0008785F /* AppDelegate.swift in Sources */ = {isa = PBXBuildFile; fileRef = EEA894AC22345EFF0008785F /* AppDelegate.swift */; };
		EEA894AF22345EFF0008785F /* feedVC.swift in Sources */ = {isa = PBXBuildFile; fileRef = EEA894AE22345EFF0008785F /* feedVC.swift */; };
		EEA894B122345EFF0008785F /* postVC.swift in Sources */ = {isa = PBXBuildFile; fileRef = EEA894B022345EFF0008785F /* postVC.swift */; };
		EEA894B422345EFF0008785F /* Main.storyboard in Resources */ = {isa = PBXBuildFile; fileRef = EEA894B222345EFF0008785F /* Main.storyboard */; };
		EEA894B622345F150008785F /* Assets.xcassets in Resources */ = {isa = PBXBuildFile; fileRef = EEA894B522345F150008785F /* Assets.xcassets */; };
		EEA894B922345F150008785F /* LaunchScreen.storyboard in Resources */ = {isa = PBXBuildFile; fileRef = EEA894B722345F150008785F /* LaunchScreen.storyboard */; };
		EEA894C1223461F90008785F /* resim.jpg in Resources */ = {isa = PBXBuildFile; fileRef = EEA894C0223461F80008785F /* resim.jpg */; };
		EEA894C3223463D80008785F /* LoginViewController.swift in Sources */ = {isa = PBXBuildFile; fileRef = EEA894C2223463D80008785F /* LoginViewController.swift */; };
		EEA894C5223466520008785F /* GoogleService-Info.plist in Resources */ = {isa = PBXBuildFile; fileRef = EEA894C4223466520008785F /* GoogleService-Info.plist */; };
/* End PBXBuildFile section */

/* Begin PBXFileReference section */
		AC34B83D6A26090FDF7DBC36 /* Pods-FireBaseInstagramClone.debug.xcconfig */ = {isa = PBXFileReference; includeInIndex = 1; lastKnownFileType = text.xcconfig; name = "Pods-FireBaseInstagramClone.debug.xcconfig"; path = "Target Support Files/Pods-FireBaseInstagramClone/Pods-FireBaseInstagramClone.debug.xcconfig"; sourceTree = "<group>"; };
		B561278B092EEDEAC95FCE34 /* Pods_FireBaseInstagramClone.framework */ = {isa = PBXFileReference; explicitFileType = wrapper.framework; includeInIndex = 0; path = Pods_FireBaseInstagramClone.framework; sourceTree = BUILT_PRODUCTS_DIR; };
		C2B5ACC124DC7B172223A086 /* Pods-FireBaseInstagramClone.release.xcconfig */ = {isa = PBXFileReference; includeInIndex = 1; lastKnownFileType = text.xcconfig; name = "Pods-FireBaseInstagramClone.release.xcconfig"; path = "Target Support Files/Pods-FireBaseInstagramClone/Pods-FireBaseInstagramClone.release.xcconfig"; sourceTree = "<group>"; };
		EEA321B92235481400AAFE9D /* feedCell.swift */ = {isa = PBXFileReference; lastKnownFileType = sourcecode.swift; path = feedCell.swift; sourceTree = "<group>"; };
		EEA894A922345EFF0008785F /* FireBaseInstagramClone.app */ = {isa = PBXFileReference; explicitFileType = wrapper.application; includeInIndex = 0; path = FireBaseInstagramClone.app; sourceTree = BUILT_PRODUCTS_DIR; };
		EEA894AC22345EFF0008785F /* AppDelegate.swift */ = {isa = PBXFileReference; lastKnownFileType = sourcecode.swift; path = AppDelegate.swift; sourceTree = "<group>"; };
		EEA894AE22345EFF0008785F /* feedVC.swift */ = {isa = PBXFileReference; lastKnownFileType = sourcecode.swift; path = feedVC.swift; sourceTree = "<group>"; };
		EEA894B022345EFF0008785F /* postVC.swift */ = {isa = PBXFileReference; lastKnownFileType = sourcecode.swift; path = postVC.swift; sourceTree = "<group>"; };
		EEA894B322345EFF0008785F /* Base */ = {isa = PBXFileReference; lastKnownFileType = file.storyboard; name = Base; path = Base.lproj/Main.storyboard; sourceTree = "<group>"; };
		EEA894B522345F150008785F /* Assets.xcassets */ = {isa = PBXFileReference; lastKnownFileType = folder.assetcatalog; path = Assets.xcassets; sourceTree = "<group>"; };
		EEA894B822345F150008785F /* Base */ = {isa = PBXFileReference; lastKnownFileType = file.storyboard; name = Base; path = Base.lproj/LaunchScreen.storyboard; sourceTree = "<group>"; };
		EEA894BA22345F150008785F /* Info.plist */ = {isa = PBXFileReference; lastKnownFileType = text.plist.xml; path = Info.plist; sourceTree = "<group>"; };
		EEA894C0223461F80008785F /* resim.jpg */ = {isa = PBXFileReference; lastKnownFileType = image.jpeg; path = resim.jpg; sourceTree = "<group>"; };
		EEA894C2223463D80008785F /* LoginViewController.swift */ = {isa = PBXFileReference; lastKnownFileType = sourcecode.swift; path = LoginViewController.swift; sourceTree = "<group>"; };
		EEA894C4223466520008785F /* GoogleService-Info.plist */ = {isa = PBXFileReference; fileEncoding = 4; lastKnownFileType = text.plist.xml; path = "GoogleService-Info.plist"; sourceTree = "<group>"; };
/* End PBXFileReference section */

/* Begin PBXFrameworksBuildPhase section */
		EEA894A622345EFF0008785F /* Frameworks */ = {
			isa = PBXFrameworksBuildPhase;
			buildActionMask = 2147483647;
			files = (
				BB5ABB44F6CD95ACDA465BE2 /* Pods_FireBaseInstagramClone.framework in Frameworks */,
			);
			runOnlyForDeploymentPostprocessing = 0;
		};
/* End PBXFrameworksBuildPhase section */

/* Begin PBXGroup section */
		73BF03BE8072515A1C501497 /* Frameworks */ = {
			isa = PBXGroup;
			children = (
				B561278B092EEDEAC95FCE34 /* Pods_FireBaseInstagramClone.framework */,
			);
			name = Frameworks;
			sourceTree = "<group>";
		};
		90A97314B4B6E55854A75036 /* Pods */ = {
			isa = PBXGroup;
			children = (
				AC34B83D6A26090FDF7DBC36 /* Pods-FireBaseInstagramClone.debug.xcconfig */,
				C2B5ACC124DC7B172223A086 /* Pods-FireBaseInstagramClone.release.xcconfig */,
			);
			path = Pods;
			sourceTree = "<group>";
		};
		EEA894A022345EFF0008785F = {
			isa = PBXGroup;
			children = (
				EEA321B92235481400AAFE9D /* feedCell.swift */,
				EEA894AB22345EFF0008785F /* FireBaseInstagramClone */,
				EEA894AA22345EFF0008785F /* Products */,
				90A97314B4B6E55854A75036 /* Pods */,
				73BF03BE8072515A1C501497 /* Frameworks */,
			);
			sourceTree = "<group>";
		};
		EEA894AA22345EFF0008785F /* Products */ = {
			isa = PBXGroup;
			children = (
				EEA894A922345EFF0008785F /* FireBaseInstagramClone.app */,
			);
			name = Products;
			sourceTree = "<group>";
		};
		EEA894AB22345EFF0008785F /* FireBaseInstagramClone */ = {
			isa = PBXGroup;
			children = (
				EEA894C0223461F80008785F /* resim.jpg */,
				EEA894AC22345EFF0008785F /* AppDelegate.swift */,
				EEA894AE22345EFF0008785F /* feedVC.swift */,
				EEA894B022345EFF0008785F /* postVC.swift */,
				EEA894B222345EFF0008785F /* Main.storyboard */,
				EEA894C2223463D80008785F /* LoginViewController.swift */,
				EEA894B522345F150008785F /* Assets.xcassets */,
				EEA894B722345F150008785F /* LaunchScreen.storyboard */,
				EEA894BA22345F150008785F /* Info.plist */,
				EEA894C4223466520008785F /* GoogleService-Info.plist */,
			);
			path = FireBaseInstagramClone;
			sourceTree = "<group>";
		};
/* End PBXGroup section */

/* Begin PBXNativeTarget section */
		EEA894A822345EFF0008785F /* FireBaseInstagramClone */ = {
			isa = PBXNativeTarget;
			buildConfigurationList = EEA894BD22345F150008785F /* Build configuration list for PBXNativeTarget "FireBaseInstagramClone" */;
			buildPhases = (
				B01A7A98313C6EFFAF6F523C /* [CP] Check Pods Manifest.lock */,
				EEA894A522345EFF0008785F /* Sources */,
				EEA894A622345EFF0008785F /* Frameworks */,
				EEA894A722345EFF0008785F /* Resources */,
				9B0C995A8F244D1950FE9958 /* [CP] Embed Pods Frameworks */,
			);
			buildRules = (
			);
			dependencies = (
			);
			name = FireBaseInstagramClone;
			productName = FireBaseInstagramClone;
			productReference = EEA894A922345EFF0008785F /* FireBaseInstagramClone.app */;
			productType = "com.apple.product-type.application";
		};
/* End PBXNativeTarget section */

/* Begin PBXProject section */
		EEA894A122345EFF0008785F /* Project object */ = {
			isa = PBXProject;
			attributes = {
				LastSwiftUpdateCheck = 1010;
				LastUpgradeCheck = 1010;
				ORGANIZATIONNAME = "Özgür  Elmaslı";
				TargetAttributes = {
					EEA894A822345EFF0008785F = {
						CreatedOnToolsVersion = 10.1;
					};
				};
			};
			buildConfigurationList = EEA894A422345EFF0008785F /* Build configuration list for PBXProject "FireBaseInstagramClone" */;
			compatibilityVersion = "Xcode 9.3";
			developmentRegion = en;
			hasScannedForEncodings = 0;
			knownRegions = (
				en,
				Base,
			);
			mainGroup = EEA894A022345EFF0008785F;
			productRefGroup = EEA894AA22345EFF0008785F /* Products */;
			projectDirPath = "";
			projectRoot = "";
			targets = (
				EEA894A822345EFF0008785F /* FireBaseInstagramClone */,
			);
		};
/* End PBXProject section */

/* Begin PBXResourcesBuildPhase section */
		EEA894A722345EFF0008785F /* Resources */ = {
			isa = PBXResourcesBuildPhase;
			buildActionMask = 2147483647;
			files = (
				EEA894C1223461F90008785F /* resim.jpg in Resources */,
				EEA894B922345F150008785F /* LaunchScreen.storyboard in Resources */,
				EEA894C5223466520008785F /* GoogleService-Info.plist in Resources */,
				EEA894B622345F150008785F /* Assets.xcassets in Resources */,
				EEA894B422345EFF0008785F /* Main.storyboard in Resources */,
			);
			runOnlyForDeploymentPostprocessing = 0;
		};
/* End PBXResourcesBuildPhase section */

/* Begin PBXShellScriptBuildPhase section */
		9B0C995A8F244D1950FE9958 /* [CP] Embed Pods Frameworks */ = {
			isa = PBXShellScriptBuildPhase;
			buildActionMask = 2147483647;
			files = (
			);
			inputFileListPaths = (
			);
			inputPaths = (
				"${PODS_ROOT}/Target Support Files/Pods-FireBaseInstagramClone/Pods-FireBaseInstagramClone-frameworks.sh",
				"${BUILT_PRODUCTS_DIR}/GTMSessionFetcher/GTMSessionFetcher.framework",
				"${BUILT_PRODUCTS_DIR}/GoogleUtilities/GoogleUtilities.framework",
				"${BUILT_PRODUCTS_DIR}/SDWebImage/SDWebImage.framework",
				"${BUILT_PRODUCTS_DIR}/leveldb-library/leveldb.framework",
				"${BUILT_PRODUCTS_DIR}/libwebp/libwebp.framework",
				"${BUILT_PRODUCTS_DIR}/nanopb/nanopb.framework",
			);
			name = "[CP] Embed Pods Frameworks";
			outputFileListPaths = (
			);
			outputPaths = (
				"${TARGET_BUILD_DIR}/${FRAMEWORKS_FOLDER_PATH}/GTMSessionFetcher.framework",
				"${TARGET_BUILD_DIR}/${FRAMEWORKS_FOLDER_PATH}/GoogleUtilities.framework",
				"${TARGET_BUILD_DIR}/${FRAMEWORKS_FOLDER_PATH}/SDWebImage.framework",
				"${TARGET_BUILD_DIR}/${FRAMEWORKS_FOLDER_PATH}/leveldb.framework",
				"${TARGET_BUILD_DIR}/${FRAMEWORKS_FOLDER_PATH}/libwebp.framework",
				"${TARGET_BUILD_DIR}/${FRAMEWORKS_FOLDER_PATH}/nanopb.framework",
			);
			runOnlyForDeploymentPostprocessing = 0;
			shellPath = /bin/sh;
			shellScript = "\"${PODS_ROOT}/Target Support Files/Pods-FireBaseInstagramClone/Pods-FireBaseInstagramClone-frameworks.sh\"\n";
			showEnvVarsInLog = 0;
		};
		B01A7A98313C6EFFAF6F523C /* [CP] Check Pods Manifest.lock */ = {
			isa = PBXShellScriptBuildPhase;
			buildActionMask = 2147483647;
			files = (
			);
			inputFileListPaths = (
			);
			inputPaths = (
				"${PODS_PODFILE_DIR_PATH}/Podfile.lock",
				"${PODS_ROOT}/Manifest.lock",
			);
			name = "[CP] Check Pods Manifest.lock";
			outputFileListPaths = (
			);
			outputPaths = (
				"$(DERIVED_FILE_DIR)/Pods-FireBaseInstagramClone-checkManifestLockResult.txt",
			);
			runOnlyForDeploymentPostprocessing = 0;
			shellPath = /bin/sh;
			shellScript = "diff \"${PODS_PODFILE_DIR_PATH}/Podfile.lock\" \"${PODS_ROOT}/Manifest.lock\" > /dev/null\nif [ $? != 0 ] ; then\n    # print error to STDERR\n    echo \"error: The sandbox is not in sync with the Podfile.lock. Run 'pod install' or update your CocoaPods installation.\" >&2\n    exit 1\nfi\n# This output is used by Xcode 'outputs' to avoid re-running this script phase.\necho \"SUCCESS\" > \"${SCRIPT_OUTPUT_FILE_0}\"\n";
			showEnvVarsInLog = 0;
		};
/* End PBXShellScriptBuildPhase section */

/* Begin PBXSourcesBuildPhase section */
		EEA894A522345EFF0008785F /* Sources */ = {
			isa = PBXSourcesBuildPhase;
			buildActionMask = 2147483647;
			files = (
				EEA894C3223463D80008785F /* LoginViewController.swift in Sources */,
				EEA321BA2235481400AAFE9D /* feedCell.swift in Sources */,
				EEA894B122345EFF0008785F /* postVC.swift in Sources */,
				EEA894AD22345EFF0008785F /* AppDelegate.swift in Sources */,
				EEA894AF22345EFF0008785F /* feedVC.swift in Sources */,
			);
			runOnlyForDeploymentPostprocessing = 0;
		};
/* End PBXSourcesBuildPhase section */

/* Begin PBXVariantGroup section */
		EEA894B222345EFF0008785F /* Main.storyboard */ = {
			isa = PBXVariantGroup;
			children = (
				EEA894B322345EFF0008785F /* Base */,
			);
			name = Main.storyboard;
			sourceTree = "<group>";
		};
		EEA894B722345F150008785F /* LaunchScreen.storyboard */ = {
			isa = PBXVariantGroup;
			children = (
				EEA894B822345F150008785F /* Base */,
			);
			name = LaunchScreen.storyboard;
			sourceTree = "<group>";
		};
/* End PBXVariantGroup section */

/* Begin XCBuildConfiguration section */
		EEA894BB22345F150008785F /* Debug */ = {
			isa = XCBuildConfiguration;
			buildSettings = {
				ALWAYS_SEARCH_USER_PATHS = NO;
				CLANG_ANALYZER_NONNULL = YES;
				CLANG_ANALYZER_NUMBER_OBJECT_CONVERSION = YES_AGGRESSIVE;
				CLANG_CXX_LANGUAGE_STANDARD = "gnu++14";
				CLANG_CXX_LIBRARY = "libc++";
				CLANG_ENABLE_MODULES = YES;
				CLANG_ENABLE_OBJC_ARC = YES;
				CLANG_ENABLE_OBJC_WEAK = YES;
				CLANG_WARN_BLOCK_CAPTURE_AUTORELEASING = YES;
				CLANG_WARN_BOOL_CONVERSION = YES;
				CLANG_WARN_COMMA = YES;
				CLANG_WARN_CONSTANT_CONVERSION = YES;
				CLANG_WARN_DEPRECATED_OBJC_IMPLEMENTATIONS = YES;
				CLANG_WARN_DIRECT_OBJC_ISA_USAGE = YES_ERROR;
				CLANG_WARN_DOCUMENTATION_COMMENTS = YES;
				CLANG_WARN_EMPTY_BODY = YES;
				CLANG_WARN_ENUM_CONVERSION = YES;
				CLANG_WARN_INFINITE_RECURSION = YES;
				CLANG_WARN_INT_CONVERSION = YES;
				CLANG_WARN_NON_LITERAL_NULL_CONVERSION = YES;
				CLANG_WARN_OBJC_IMPLICIT_RETAIN_SELF = YES;
				CLANG_WARN_OBJC_LITERAL_CONVERSION = YES;
				CLANG_WARN_OBJC_ROOT_CLASS = YES_ERROR;
				CLANG_WARN_RANGE_LOOP_ANALYSIS = YES;
				CLANG_WARN_STRICT_PROTOTYPES = YES;
				CLANG_WARN_SUSPICIOUS_MOVE = YES;
				CLANG_WARN_UNGUARDED_AVAILABILITY = YES_AGGRESSIVE;
				CLANG_WARN_UNREACHABLE_CODE = YES;
				CLANG_WARN__DUPLICATE_METHOD_MATCH = YES;
				CODE_SIGN_IDENTITY = "iPhone Developer";
				COPY_PHASE_STRIP = NO;
				DEBUG_INFORMATION_FORMAT = dwarf;
				ENABLE_STRICT_OBJC_MSGSEND = YES;
				ENABLE_TESTABILITY = YES;
				GCC_C_LANGUAGE_STANDARD = gnu11;
				GCC_DYNAMIC_NO_PIC = NO;
				GCC_NO_COMMON_BLOCKS = YES;
				GCC_OPTIMIZATION_LEVEL = 0;
				GCC_PREPROCESSOR_DEFINITIONS = (
					"DEBUG=1",
					"$(inherited)",
				);
				GCC_WARN_64_TO_32_BIT_CONVERSION = YES;
				GCC_WARN_ABOUT_RETURN_TYPE = YES_ERROR;
				GCC_WARN_UNDECLARED_SELECTOR = YES;
				GCC_WARN_UNINITIALIZED_AUTOS = YES_AGGRESSIVE;
				GCC_WARN_UNUSED_FUNCTION = YES;
				GCC_WARN_UNUSED_VARIABLE = YES;
				IPHONEOS_DEPLOYMENT_TARGET = 12.1;
				MTL_ENABLE_DEBUG_INFO = INCLUDE_SOURCE;
				MTL_FAST_MATH = YES;
				ONLY_ACTIVE_ARCH = YES;
				SDKROOT = iphoneos;
				SWIFT_ACTIVE_COMPILATION_CONDITIONS = DEBUG;
				SWIFT_OPTIMIZATION_LEVEL = "-Onone";
			};
			name = Debug;
		};
		EEA894BC22345F150008785F /* Release */ = {
			isa = XCBuildConfiguration;
			buildSettings = {
				ALWAYS_SEARCH_USER_PATHS = NO;
				CLANG_ANALYZER_NONNULL = YES;
				CLANG_ANALYZER_NUMBER_OBJECT_CONVERSION = YES_AGGRESSIVE;
				CLANG_CXX_LANGUAGE_STANDARD = "gnu++14";
				CLANG_CXX_LIBRARY = "libc++";
				CLANG_ENABLE_MODULES = YES;
				CLANG_ENABLE_OBJC_ARC = YES;
				CLANG_ENABLE_OBJC_WEAK = YES;
				CLANG_WARN_BLOCK_CAPTURE_AUTORELEASING = YES;
				CLANG_WARN_BOOL_CONVERSION = YES;
				CLANG_WARN_COMMA = YES;
				CLANG_WARN_CONSTANT_CONVERSION = YES;
				CLANG_WARN_DEPRECATED_OBJC_IMPLEMENTATIONS = YES;
				CLANG_WARN_DIRECT_OBJC_ISA_USAGE = YES_ERROR;
				CLANG_WARN_DOCUMENTATION_COMMENTS = YES;
				CLANG_WARN_EMPTY_BODY = YES;
				CLANG_WARN_ENUM_CONVERSION = YES;
				CLANG_WARN_INFINITE_RECURSION = YES;
				CLANG_WARN_INT_CONVERSION = YES;
				CLANG_WARN_NON_LITERAL_NULL_CONVERSION = YES;
				CLANG_WARN_OBJC_IMPLICIT_RETAIN_SELF = YES;
				CLANG_WARN_OBJC_LITERAL_CONVERSION = YES;
				CLANG_WARN_OBJC_ROOT_CLASS = YES_ERROR;
				CLANG_WARN_RANGE_LOOP_ANALYSIS = YES;
				CLANG_WARN_STRICT_PROTOTYPES = YES;
				CLANG_WARN_SUSPICIOUS_MOVE = YES;
				CLANG_WARN_UNGUARDED_AVAILABILITY = YES_AGGRESSIVE;
				CLANG_WARN_UNREACHABLE_CODE = YES;
				CLANG_WARN__DUPLICATE_METHOD_MATCH = YES;
				CODE_SIGN_IDENTITY = "iPhone Developer";
				COPY_PHASE_STRIP = NO;
				DEBUG_INFORMATION_FORMAT = "dwarf-with-dsym";
				ENABLE_NS_ASSERTIONS = NO;
				ENABLE_STRICT_OBJC_MSGSEND = YES;
				GCC_C_LANGUAGE_STANDARD = gnu11;
				GCC_NO_COMMON_BLOCKS = YES;
				GCC_WARN_64_TO_32_BIT_CONVERSION = YES;
				GCC_WARN_ABOUT_RETURN_TYPE = YES_ERROR;
				GCC_WARN_UNDECLARED_SELECTOR = YES;
				GCC_WARN_UNINITIALIZED_AUTOS = YES_AGGRESSIVE;
				GCC_WARN_UNUSED_FUNCTION = YES;
				GCC_WARN_UNUSED_VARIABLE = YES;
				IPHONEOS_DEPLOYMENT_TARGET = 12.1;
				MTL_ENABLE_DEBUG_INFO = NO;
				MTL_FAST_MATH = YES;
				SDKROOT = iphoneos;
				SWIFT_COMPILATION_MODE = wholemodule;
				SWIFT_OPTIMIZATION_LEVEL = "-O";
				VALIDATE_PRODUCT = YES;
			};
			name = Release;
		};
		EEA894BE22345F150008785F /* Debug */ = {
			isa = XCBuildConfiguration;
			baseConfigurationReference = AC34B83D6A26090FDF7DBC36 /* Pods-FireBaseInstagramClone.debug.xcconfig */;
			buildSettings = {
				ASSETCATALOG_COMPILER_APPICON_NAME = AppIcon;
				CODE_SIGN_STYLE = Automatic;
				DEVELOPMENT_TEAM = T2FENB68MY;
				INFOPLIST_FILE = FireBaseInstagramClone/Info.plist;
				LD_RUNPATH_SEARCH_PATHS = (
					"$(inherited)",
					"@executable_path/Frameworks",
				);
				PRODUCT_BUNDLE_IDENTIFIER = com.ozgurelmasli.FireBaseInstagramClone;
				PRODUCT_NAME = "$(TARGET_NAME)";
				SWIFT_VERSION = 4.2;
				TARGETED_DEVICE_FAMILY = "1,2";
			};
			name = Debug;
		};
		EEA894BF22345F150008785F /* Release */ = {
			isa = XCBuildConfiguration;
			baseConfigurationReference = C2B5ACC124DC7B172223A086 /* Pods-FireBaseInstagramClone.release.xcconfig */;
			buildSettings = {
				ASSETCATALOG_COMPILER_APPICON_NAME = AppIcon;
				CODE_SIGN_STYLE = Automatic;
				DEVELOPMENT_TEAM = T2FENB68MY;
				INFOPLIST_FILE = FireBaseInstagramClone/Info.plist;
				LD_RUNPATH_SEARCH_PATHS = (
					"$(inherited)",
					"@executable_path/Frameworks",
				);
				PRODUCT_BUNDLE_IDENTIFIER = com.ozgurelmasli.FireBaseInstagramClone;
				PRODUCT_NAME = "$(TARGET_NAME)";
				SWIFT_VERSION = 4.2;
				TARGETED_DEVICE_FAMILY = "1,2";
			};
			name = Release;
		};
/* End XCBuildConfiguration section */

/* Begin XCConfigurationList section */
		EEA894A422345EFF0008785F /* Build configuration list for PBXProject "FireBaseInstagramClone" */ = {
			isa = XCConfigurationList;
			buildConfigurations = (
				EEA894BB22345F150008785F /* Debug */,
				EEA894BC22345F150008785F /* Release */,
			);
			defaultConfigurationIsVisible = 0;
			defaultConfigurationName = Release;
		};
		EEA894BD22345F150008785F /* Build configuration list for PBXNativeTarget "FireBaseInstagramClone" */ = {
			isa = XCConfigurationList;
			buildConfigurations = (
				EEA894BE22345F150008785F /* Debug */,
				EEA894BF22345F150008785F /* Release */,
			);
			defaultConfigurationIsVisible = 0;
			defaultConfigurationName = Release;
		};
/* End XCConfigurationList section */
	};
	rootObject = EEA894A122345EFF0008785F /* Project object */;
}
